<?xml version="1.0" encoding="utf-8"?>
<Project ToolsVersion="4.0" xmlns="http://schemas.microsoft.com/developer/msbuild/2003">
  <ItemGroup>
    <Filter Include="Source Files">
      <UniqueIdentifier>{4FC737F1-C7A5-4376-A066-2A32D752A2FF}</UniqueIdentifier>
      <Extensions>cpp;c;cc;cxx;c++;cppm;ixx;def;odl;idl;hpj;bat;asm;asmx</Extensions>
    </Filter>
    <Filter Include="Header Files">
      <UniqueIdentifier>{93995380-89BD-4b04-88EB-625FBE52EBFB}</UniqueIdentifier>
      <Extensions>h;hh;hpp;hxx;h++;hm;inl;inc;ipp;xsd</Extensions>
    </Filter>
    <Filter Include="Resource Files">
      <UniqueIdentifier>{67DA6AB6-F800-4c08-8B7A-83BB121AAD01}</UniqueIdentifier>
      <Extensions>rc;ico;cur;bmp;dlg;rc2;rct;bin;rgs;gif;jpg;jpeg;jpe;resx;tiff;tif;png;wav;mfcribbon-ms</Extensions>
    </Filter>
    <Filter Include="Source Files\Forms">
      <UniqueIdentifier>{7087fd02-6b24-4202-9c51-e39c62d78c10}</UniqueIdentifier>
    </Filter>
    <Filter Include="Header Files\DataConrol">
      <UniqueIdentifier>{9a39ccf9-9cef-4b63-9a91-b3d842652ccb}</UniqueIdentifier>
    </Filter>
    <Filter Include="Source Files\DataControl">
      <UniqueIdentifier>{b4354201-e782-4743-a34c-d413a46a0cfb}</UniqueIdentifier>
    </Filter>
    <Filter Include="Source Files\Model">
      <UniqueIdentifier>{21af22fc-e579-4a91-b065-353904f72393}</UniqueIdentifier>
    </Filter>
    <Filter Include="Header Files\Model">
      <UniqueIdentifier>{2d316b08-c178-492f-af98-7427e57431e2}</UniqueIdentifier>
    </Filter>
    <Filter Include="Resource Files\Image">
      <UniqueIdentifier>{a27a986b-233f-4d90-a0b9-4b228d4b38b3}</UniqueIdentifier>
    </Filter>
  </ItemGroup>
  <ItemGroup>
    <ClCompile Include="MainForm.cpp">
      <Filter>Source Files\Forms</Filter>
    </ClCompile>
    <ClCompile Include="DataControlFile.cpp">
      <Filter>Source Files\DataControl</Filter>
    </ClCompile>
    <ClCompile Include="Employee.cpp">
      <Filter>Source Files\Model</Filter>
    </ClCompile>
    <ClCompile Include="CreateDataControlForm.cpp">
      <Filter>Source Files\Forms</Filter>
    </ClCompile>
  </ItemGroup>
  <ItemGroup>
    <ClInclude Include="MainForm.h">
      <Filter>Header Files</Filter>
    </ClInclude>
    <ClInclude Include="DataControlFile.h">
      <Filter>Header Files\DataConrol</Filter>
    </ClInclude>
    <ClInclude Include="Employee.h">
      <Filter>Header Files\Model</Filter>
    </ClInclude>
    <ClInclude Include="CreateDataControlForm.h">
      <Filter>Header Files</Filter>
    </ClInclude>
    <ClInclude Include="resource.h">
      <Filter>Header Files</Filter>
    </ClInclude>
  </ItemGroup>
  <ItemGroup>
    <Image Include="delete.png">
      <Filter>Resource Files\Image</Filter>
    </Image>
    <Image Include="create.png">
      <Filter>Resource Files\Image</Filter>
    </Image>
    <Image Include="restart.png">
      <Filter>Resource Files\Image</Filter>
    </Image>
    <Image Include="writing.png">
      <Filter>Resource Files\Image</Filter>
    </Image>
    <Image Include="Image\icon_window.ico">
      <Filter>Resource Files</Filter>
    </Image>
  </ItemGroup>
  <ItemGroup>
    <ResourceCompile Include="CourseProject.rc">
      <Filter>Resource Files</Filter>
    </ResourceCompile>
  </ItemGroup>
</Project>